
Microsoft Visual Studio Solution File, Format Version 12.00
# Visual Studio Version 16
VisualStudioVersion = 16.0.31402.337
MinimumVisualStudioVersion = 10.0.40219.1
Project("{FAE04EC0-301F-11D3-BF4B-00C04F79EFBC}") = "2021-06-17 ConsoleApp", "2021-06-17 ConsoleApp\2021-06-17 ConsoleApp.csproj", "{397E1F6A-771F-46F4-953E-7DF753E5C35E}"
EndProject
Global
	GlobalSection(SolutionConfigurationPlatforms) = preSolution
		Debug|Any CPU = Debug|Any CPU
		Release|Any CPU = Release|Any CPU
	EndGlobalSection
	GlobalSection(ProjectConfigurationPlatforms) = postSolution
		{397E1F6A-771F-46F4-953E-7DF753E5C35E}.Debug|Any CPU.ActiveCfg = Debug|Any CPU
		{397E1F6A-771F-46F4-953E-7DF753E5C35E}.Debug|Any CPU.Build.0 = Debug|Any CPU
		{397E1F6A-771F-46F4-953E-7DF753E5C35E}.Release|Any CPU.ActiveCfg = Release|Any CPU
		{397E1F6A-771F-46F4-953E-7DF753E5C35E}.Release|Any CPU.Build.0 = Release|Any CPU
	EndGlobalSection
	GlobalSection(SolutionProperties) = preSolution
		HideSolutionNode = FALSE
	EndGlobalSection
	GlobalSection(ExtensibilityGlobals) = postSolution
		SolutionGuid = {1C31FE8C-4DC8-481F-9B65-CA20303C26FD}
	EndGlobalSection
EndGlobal
